
Microsoft Visual Studio Solution File, Format Version 12.00
# Visual Studio Version 17
VisualStudioVersion = 17.0.32014.148
MinimumVisualStudioVersion = 10.0.40219.1
Project("{9A19103F-16F7-4668-BE54-9A1E7A4F7556}") = "YoutubeOrganizer.API", "YoutubeOrganizer.API.csproj", "{6E3294B0-11B5-4E1F-ADBB-B5BE4C6467E8}"
EndProject
Project("{9A19103F-16F7-4668-BE54-9A1E7A4F7556}") = "YouTubeOrganizerTests", "..\YouTubeOrganizerTests\YouTubeOrganizerTests.csproj", "{796DE800-D036-4A90-A225-D05A6B29A122}"
EndProject
Project("{9A19103F-16F7-4668-BE54-9A1E7A4F7556}") = "YoutubeOrganizer.Model", "..\YoutubeOrganizer.Model\YoutubeOrganizer.Model.csproj", "{06147D8B-ACE3-4D36-9B91-CDA5890A3AFF}"
EndProject
Global
	GlobalSection(SolutionConfigurationPlatforms) = preSolution
		Debug|Any CPU = Debug|Any CPU
		Release|Any CPU = Release|Any CPU
	EndGlobalSection
	GlobalSection(ProjectConfigurationPlatforms) = postSolution
		{6E3294B0-11B5-4E1F-ADBB-B5BE4C6467E8}.Debug|Any CPU.ActiveCfg = Debug|Any CPU
		{6E3294B0-11B5-4E1F-ADBB-B5BE4C6467E8}.Debug|Any CPU.Build.0 = Debug|Any CPU
		{6E3294B0-11B5-4E1F-ADBB-B5BE4C6467E8}.Release|Any CPU.ActiveCfg = Release|Any CPU
		{6E3294B0-11B5-4E1F-ADBB-B5BE4C6467E8}.Release|Any CPU.Build.0 = Release|Any CPU
		{796DE800-D036-4A90-A225-D05A6B29A122}.Debug|Any CPU.ActiveCfg = Debug|Any CPU
		{796DE800-D036-4A90-A225-D05A6B29A122}.Debug|Any CPU.Build.0 = Debug|Any CPU
		{796DE800-D036-4A90-A225-D05A6B29A122}.Release|Any CPU.ActiveCfg = Release|Any CPU
		{796DE800-D036-4A90-A225-D05A6B29A122}.Release|Any CPU.Build.0 = Release|Any CPU
		{06147D8B-ACE3-4D36-9B91-CDA5890A3AFF}.Debug|Any CPU.ActiveCfg = Debug|Any CPU
		{06147D8B-ACE3-4D36-9B91-CDA5890A3AFF}.Debug|Any CPU.Build.0 = Debug|Any CPU
		{06147D8B-ACE3-4D36-9B91-CDA5890A3AFF}.Release|Any CPU.ActiveCfg = Release|Any CPU
		{06147D8B-ACE3-4D36-9B91-CDA5890A3AFF}.Release|Any CPU.Build.0 = Release|Any CPU
	EndGlobalSection
	GlobalSection(SolutionProperties) = preSolution
		HideSolutionNode = FALSE
	EndGlobalSection
	GlobalSection(ExtensibilityGlobals) = postSolution
		SolutionGuid = {D1736726-63E7-42F5-B06F-78CCDC4017D9}
	EndGlobalSection
EndGlobal
